%{
  "certifi": {:hex, :certifi, "2.5.1", "867ce347f7c7d78563450a18a6a28a8090331e77fa02380b4a21962a65d36ee5", [:rebar3], [{:parse_trans, "~>3.3", [hex: :parse_trans, optional: false]}]},
  "combine": {:hex, :combine, "0.10.0", "eff8224eeb56498a2af13011d142c5e7997a80c8f5b97c499f84c841032e429f", [:mix], []},
  "commanded": {:hex, :commanded, "0.19.0", "c0e90cfe8212ae076cd67c225dcb83547e3da267ea669fd9133f09c81c052d2c", [:mix], [{:elixir_uuid, "~> 1.2", [hex: :elixir_uuid, optional: false]}, {:jason, "~> 1.1", [hex: :jason, optional: true]}, {:phoenix_pubsub, "~> 1.1", [hex: :phoenix_pubsub, optional: true]}]},
  "commanded_ecto_projections": {:hex, :commanded_ecto_projections, "0.8.0", "3dd206877f492c0dd0764a2ecac60daf3bbf238ad62885d9754a528be1277944", [:mix], [{:commanded, ">= 0.18.0", [hex: :commanded, optional: false]}, {:ecto, "~> 3.0", [hex: :ecto, optional: false]}, {:ecto_sql, "~> 3.0", [hex: :ecto_sql, optional: false]}, {:jason, "~> 1.1", [hex: :jason, optional: true]}]},
  "commanded_scheduler": {:hex, :commanded_scheduler, "0.2.1", "67a3df9be7faa3050fba47e51c9c0164419c823fe2dc48baa6819cc374369785", [:mix], [{:commanded, ">= 0.18.0", [hex: :commanded, optional: false]}, {:commanded_ecto_projections, ">= 0.8.0", [hex: :commanded_ecto_projections, optional: false]}, {:crontab, "~> 1.1", [hex: :crontab, optional: false]}, {:ecto, "~> 3.1", [hex: :ecto, optional: false]}, {:elixir_uuid, "~> 1.2", [hex: :elixir_uuid, optional: false]}, {:ex2ms, "~> 1.5", [hex: :ex2ms, optional: false]}, {:jason, "~> 1.1", [hex: :jason, optional: true]}, {:postgrex, ">= 0.0.0", [hex: :postgrex, optional: false]}, {:timex, "~> 3.5", [hex: :timex, optional: false]}]},
  "connection": {:hex, :connection, "1.0.4", "a1cae72211f0eef17705aaededacac3eb30e6625b04a6117c1b2db6ace7d5976", [:mix], []},
  "crontab": {:hex, :crontab, "1.1.7", "b9219f0bdc8678b94143655a8f229716c5810c0636a4489f98c0956137e53985", [:mix], [{:ecto, "~> 1.0 or ~> 2.0 or ~> 3.0", [hex: :ecto, optional: true]}]},
  "db_connection": {:hex, :db_connection, "2.1.1", "a51e8a2ee54ef2ae6ec41a668c85787ed40cb8944928c191280fe34c15b76ae5", [:mix], [{:connection, "~> 1.0.2", [hex: :connection, optional: false]}]},
  "decimal": {:hex, :decimal, "1.8.0", "ca462e0d885f09a1c5a342dbd7c1dcf27ea63548c65a65e67334f4b61803822e", [:mix], []},
  "ecto": {:hex, :ecto, "3.1.7", "fa21d06ef56cdc2fdaa62574e8c3ba34a2751d44ea34c30bc65f0728421043e5", [:mix], [{:decimal, "~> 1.6", [hex: :decimal, optional: false]}, {:jason, "~> 1.0", [hex: :jason, optional: true]}]},
  "ecto_sql": {:hex, :ecto_sql, "3.1.6", "1e80e30d16138a729c717f73dcb938590bcdb3a4502f3012414d0cbb261045d8", [:mix], [{:db_connection, "~> 2.0", [hex: :db_connection, optional: false]}, {:ecto, "~> 3.1.0", [hex: :ecto, optional: false]}, {:mariaex, "~> 0.9.1", [hex: :mariaex, optional: true]}, {:myxql, "~> 0.2.0", [hex: :myxql, optional: true]}, {:postgrex, "~> 0.14.0 or ~> 0.15.0", [hex: :postgrex, optional: true]}, {:telemetry, "~> 0.4.0", [hex: :telemetry, optional: false]}]},
  "elixir_uuid": {:hex, :elixir_uuid, "1.2.0", "ff26e938f95830b1db152cb6e594d711c10c02c6391236900ddd070a6b01271d", [:mix], []},
  "ex2ms": {:hex, :ex2ms, "1.5.0", "19e27f9212be9a96093fed8cdfbef0a2b56c21237196d26760f11dfcfae58e97", [:mix], []},
  "file_system": {:hex, :file_system, "0.2.7", "e6f7f155970975789f26e77b8b8d8ab084c59844d8ecfaf58cbda31c494d14aa", [:mix], []},
  "gettext": {:hex, :gettext, "0.17.0", "abe21542c831887a2b16f4c94556db9c421ab301aee417b7c4fbde7fbdbe01ec", [:mix], []},
  "hackney": {:hex, :hackney, "1.15.1", "9f8f471c844b8ce395f7b6d8398139e26ddca9ebc171a8b91342ee15a19963f4", [:rebar3], [{:certifi, "2.5.1", [hex: :certifi, optional: false]}, {:idna, "6.0.0", [hex: :idna, optional: false]}, {:metrics, "1.0.1", [hex: :metrics, optional: false]}, {:mimerl, "~>1.1", [hex: :mimerl, optional: false]}, {:ssl_verify_fun, "1.1.4", [hex: :ssl_verify_fun, optional: false]}]},
  "idna": {:hex, :idna, "6.0.0", "689c46cbcdf3524c44d5f3dde8001f364cd7608a99556d8fbd8239a5798d4c10", [:rebar3], [{:unicode_util_compat, "0.4.1", [hex: :unicode_util_compat, optional: false]}]},
  "jason": {:hex, :jason, "1.1.2", "b03dedea67a99223a2eaf9f1264ce37154564de899fd3d8b9a21b1a6fd64afe7", [:mix], [{:decimal, "~> 1.0", [hex: :decimal, optional: true]}]},
  "metrics": {:hex, :metrics, "1.0.1", "25f094dea2cda98213cecc3aeff09e940299d950904393b2a29d191c346a8486", [:rebar3], []},
  "mimerl": {:hex, :mimerl, "1.2.0", "67e2d3f571088d5cfd3e550c383094b47159f3eee8ffa08e64106cdf5e981be3", [:rebar3], []},
  "mix_test_watch": {:hex, :mix_test_watch, "0.9.0", "c72132a6071261893518fa08e121e911c9358713f62794a90c95db59042af375", [:mix], [{:file_system, "~> 0.2.1 or ~> 0.3", [hex: :file_system, optional: false]}]},
  "parse_trans": {:hex, :parse_trans, "3.3.0", "09765507a3c7590a784615cfd421d101aec25098d50b89d7aa1d66646bc571c1", [:rebar3], []},
  "postgrex": {:hex, :postgrex, "0.15.0", "dd5349161019caeea93efa42f9b22f9d79995c3a86bdffb796427b4c9863b0f0", [:mix], [{:connection, "~> 1.0", [hex: :connection, optional: false]}, {:db_connection, "~> 2.1", [hex: :db_connection, optional: false]}, {:decimal, "~> 1.5", [hex: :decimal, optional: false]}, {:jason, "~> 1.0", [hex: :jason, optional: true]}]},
  "ssl_verify_fun": {:hex, :ssl_verify_fun, "1.1.4", "f0eafff810d2041e93f915ef59899c923f4568f4585904d010387ed74988e77b", [:make, :mix, :rebar3], []},
  "telemetry": {:hex, :telemetry, "0.4.0", "8339bee3fa8b91cb84d14c2935f8ecf399ccd87301ad6da6b71c09553834b2ab", [:rebar3], []},
  "timex": {:hex, :timex, "3.6.1", "efdf56d0e67a6b956cc57774353b0329c8ab7726766a11547e529357ffdc1d56", [:mix], [{:combine, "~> 0.10", [hex: :combine, optional: false]}, {:gettext, "~> 0.10", [hex: :gettext, optional: false]}, {:tzdata, "~> 0.1.8 or ~> 0.5 or ~> 1.0.0", [hex: :tzdata, optional: false]}]},
  "tzdata": {:hex, :tzdata, "1.0.1", "f6027a331af7d837471248e62733c6ebee86a72e57c613aa071ebb1f750fc71a", [:mix], [{:hackney, "~> 1.0", [hex: :hackney, optional: false]}]},
  "unicode_util_compat": {:hex, :unicode_util_compat, "0.4.1", "d869e4c68901dd9531385bb0c8c40444ebf624e60b6962d95952775cac5e90cd", [:rebar3], []},
}
